
Microsoft Visual Studio Solution File, Format Version 12.00
# Visual Studio Version 16
VisualStudioVersion = 16.0.28922.388
MinimumVisualStudioVersion = 10.0.40219.1
Project("{FAE04EC0-301F-11D3-BF4B-00C04F79EFBC}") = "QRCodeExperiment", "QRCodeExperiment.csproj", "{4FC74014-3A7E-4285-8698-3F33986CC5D4}"
EndProject
Project("{FAE04EC0-301F-11D3-BF4B-00C04F79EFBC}") = "QRCodeReader_Aspose_19_5", "..\QRCodeReader_Aspose_19_5\QRCodeReader_Aspose_19_5.csproj", "{CE3C5B6F-F303-40CF-B6B8-08E9BACA8B88}"
EndProject
Global
	GlobalSection(SolutionConfigurationPlatforms) = preSolution
		Debug|Any CPU = Debug|Any CPU
		Release|Any CPU = Release|Any CPU
	EndGlobalSection
	GlobalSection(ProjectConfigurationPlatforms) = postSolution
		{4FC74014-3A7E-4285-8698-3F33986CC5D4}.Debug|Any CPU.ActiveCfg = Debug|Any CPU
		{4FC74014-3A7E-4285-8698-3F33986CC5D4}.Debug|Any CPU.Build.0 = Debug|Any CPU
		{4FC74014-3A7E-4285-8698-3F33986CC5D4}.Release|Any CPU.ActiveCfg = Release|Any CPU
		{4FC74014-3A7E-4285-8698-3F33986CC5D4}.Release|Any CPU.Build.0 = Release|Any CPU
		{CE3C5B6F-F303-40CF-B6B8-08E9BACA8B88}.Debug|Any CPU.ActiveCfg = Debug|Any CPU
		{CE3C5B6F-F303-40CF-B6B8-08E9BACA8B88}.Debug|Any CPU.Build.0 = Debug|Any CPU
		{CE3C5B6F-F303-40CF-B6B8-08E9BACA8B88}.Release|Any CPU.ActiveCfg = Release|Any CPU
		{CE3C5B6F-F303-40CF-B6B8-08E9BACA8B88}.Release|Any CPU.Build.0 = Release|Any CPU
	EndGlobalSection
	GlobalSection(SolutionProperties) = preSolution
		HideSolutionNode = FALSE
	EndGlobalSection
	GlobalSection(ExtensibilityGlobals) = postSolution
		SolutionGuid = {DDACA527-37C0-4982-B58A-381FB433A3DD}
	EndGlobalSection
EndGlobal
